
Microsoft Visual Studio Solution File, Format Version 12.00
# Visual Studio Version 17
VisualStudioVersion = 17.13.35919.96 d17.13
MinimumVisualStudioVersion = 10.0.40219.1
Project("{FAE04EC0-301F-11D3-BF4B-00C04F79EFBC}") = "modul9_2211104027", "modul9_2211104027\modul9_2211104027.csproj", "{14131931-46F2-4D1D-859B-9767A197C33A}"
EndProject
Global
	GlobalSection(SolutionConfigurationPlatforms) = preSolution
		Debug|Any CPU = Debug|Any CPU
		Release|Any CPU = Release|Any CPU
	EndGlobalSection
	GlobalSection(ProjectConfigurationPlatforms) = postSolution
		{14131931-46F2-4D1D-859B-9767A197C33A}.Debug|Any CPU.ActiveCfg = Debug|Any CPU
		{14131931-46F2-4D1D-859B-9767A197C33A}.Debug|Any CPU.Build.0 = Debug|Any CPU
		{14131931-46F2-4D1D-859B-9767A197C33A}.Release|Any CPU.ActiveCfg = Release|Any CPU
		{14131931-46F2-4D1D-859B-9767A197C33A}.Release|Any CPU.Build.0 = Release|Any CPU
	EndGlobalSection
	GlobalSection(SolutionProperties) = preSolution
		HideSolutionNode = FALSE
	EndGlobalSection
	GlobalSection(ExtensibilityGlobals) = postSolution
		SolutionGuid = {BC2940B7-9429-4C1A-B3A6-813B3C6772AE}
	EndGlobalSection
EndGlobal
